# This file is autogenerated, do not edit; changes may be undone by the next 'dep ensure'.


[[projects]]
  branch = "master"
  name = "github.com/bradfitz/go-smtpd"
  packages = ["smtpd"]
  revision = "deb6d623762522f8ad4a55b952001e4215a76cf4"

[[projects]]
  name = "github.com/docker/docker"
  packages = [
    "api/types/blkiodev",
    "api/types/container",
    "api/types/mount",
    "api/types/strslice",
    "api/types/swarm"
  ]
  revision = "092cba3727bb9b4a2f0e922cd6c0f93ea270e363"
  version = "v1.13.1"

[[projects]]
  branch = "docker/1.13"
  name = "github.com/docker/go-connections"
  packages = ["nat"]
  revision = "ecb4cb2dd420ada7df7f2593d6c25441f65f69f2"

[[projects]]
  name = "github.com/docker/go-units"
  packages = ["."]
  revision = "8a7beacffa3009a9ac66bad506b18ffdd110cf97"

[[projects]]
  name = "github.com/fsouza/go-dockerclient"
  packages = [
    ".",
    "external/github.com/Sirupsen/logrus",
    "external/github.com/docker/docker/opts",
    "external/github.com/docker/docker/pkg/archive",
    "external/github.com/docker/docker/pkg/fileutils",
    "external/github.com/docker/docker/pkg/homedir",
    "external/github.com/docker/docker/pkg/idtools",
    "external/github.com/docker/docker/pkg/ioutils",
    "external/github.com/docker/docker/pkg/longpath",
    "external/github.com/docker/docker/pkg/pools",
    "external/github.com/docker/docker/pkg/promise",
    "external/github.com/docker/docker/pkg/stdcopy",
    "external/github.com/docker/docker/pkg/system",
    "external/github.com/docker/go-units",
    "external/github.com/gorilla/context",
    "external/github.com/gorilla/mux",
    "external/github.com/hashicorp/go-cleanhttp",
    "external/github.com/opencontainers/runc/libcontainer/user",
    "external/golang.org/x/net/context",
    "external/golang.org/x/sys/unix",
    "testing"
  ]
  revision = "1d4f4ae73768d3ca16a6fb964694f58dc5eba601"
  version = "docker-1.9/go-1.4"

[[projects]]
  branch = "master"
  name = "github.com/gobs/args"
  packages = ["."]
  revision = "86002b4df18c1c4919c97bd7b7bd46e216fc69c3"

[[projects]]
  name = "github.com/jessevdk/go-flags"
  packages = ["."]
  revision = "c6ca198ec95c841fdb89fc0de7496fed11ab854e"
  version = "v1.4.0"

[[projects]]
  name = "github.com/mcuadros/go-defaults"
  packages = ["."]
  revision = "ac8540f0fc7e0fb5f1eb9e25c6fd0b8db8f97eed"
  version = "v1.1.0"

[[projects]]
  name = "github.com/op/go-logging"
  packages = ["."]
  revision = "b2cb9fa56473e98db8caba80237377e83fe44db5"
  version = "v1"

[[projects]]
  name = "github.com/robfig/cron"
  packages = ["."]
  revision = "b41be1df696709bb6395fe435af20370037c0b4c"
  version = "v1.1"

[[projects]]
  branch = "v3"
  name = "gopkg.in/alexcesaro/quotedprintable.v3"
  packages = ["."]
  revision = "2caba252f4dc53eaf6b553000885530023f54623"

[[projects]]
  branch = "v1"
  name = "gopkg.in/check.v1"
  packages = ["."]
  revision = "20d25e2804050c1cd24a7eea1e7a6447dd0e74ec"

[[projects]]
  name = "gopkg.in/gcfg.v1"
  packages = [
    ".",
    "scanner",
    "token",
    "types"
  ]
  revision = "61b2c08bc8f6068f7c5ca684372f9a6cb1c45ebe"
  version = "v1.2.3"

[[projects]]
  name = "gopkg.in/gomail.v2"
  packages = ["."]
  revision = "41f3572897373c5538c50a2402db15db079fa4fd"
  version = "2.0.0"

[[projects]]
  name = "gopkg.in/warnings.v0"
  packages = ["."]
  revision = "ec4a0fea49c7b46c2aeb0b51aac55779c607e52b"
  version = "v0.1.2"

[solve-meta]
  analyzer-name = "dep"
  analyzer-version = 1
  inputs-digest = "bd1a00a793c4e107eef49361367ebfce661c594b0d039d4d2bf063aaa511b7f2"
  solver-name = "gps-cdcl"
  solver-version = 1
